// !$*UTF8*$!
{
	archiveVersion = 1;
	classes = {
	};
	objectVersion = 56;
	objects = {

/* Begin PBXBuildFile section */
		7903A9BE2C4742280065FFA5 /* GoogleSignIn in Frameworks */ = {isa = PBXBuildFile; productRef = 7903A9BD2C4742280065FFA5 /* GoogleSignIn */; };
		7903A9C22C475A440065FFA5 /* SignInViewController.swift in Sources */ = {isa = PBXBuildFile; fileRef = 7903A9C12C475A440065FFA5 /* SignInViewController.swift */; };
		7903A9C62C475C5C0065FFA5 /* UserData.swift in Sources */ = {isa = PBXBuildFile; fileRef = 7903A9C52C475C5C0065FFA5 /* UserData.swift */; };
		7903A9C82C47869D0065FFA5 /* ContentView.swift in Sources */ = {isa = PBXBuildFile; fileRef = 7903A9C72C47869D0065FFA5 /* ContentView.swift */; };
		7903A9CA2C4786F20065FFA5 /* UserAuthModel.swift in Sources */ = {isa = PBXBuildFile; fileRef = 7903A9C92C4786F20065FFA5 /* UserAuthModel.swift */; };
		7903A9CC2C4858330065FFA5 /* LandingView.swift in Sources */ = {isa = PBXBuildFile; fileRef = 7903A9CB2C4858330065FFA5 /* LandingView.swift */; };
		7903A9CE2C4867520065FFA5 /* ForgotPasswordView.swift in Sources */ = {isa = PBXBuildFile; fileRef = 7903A9CD2C4867520065FFA5 /* ForgotPasswordView.swift */; };
		7903A9D02C4892490065FFA5 /* CreateUsername.swift in Sources */ = {isa = PBXBuildFile; fileRef = 7903A9CF2C4892490065FFA5 /* CreateUsername.swift */; };
		7905E7DE2C40AFAA0010648F /* project_ttApp.swift in Sources */ = {isa = PBXBuildFile; fileRef = 7905E7DD2C40AFAA0010648F /* project_ttApp.swift */; };
		7905E7E22C40AFAB0010648F /* Assets.xcassets in Resources */ = {isa = PBXBuildFile; fileRef = 7905E7E12C40AFAB0010648F /* Assets.xcassets */; };
		7905E7E52C40AFAB0010648F /* Preview Assets.xcassets in Resources */ = {isa = PBXBuildFile; fileRef = 7905E7E42C40AFAB0010648F /* Preview Assets.xcassets */; };
		7905E7EF2C40AFAC0010648F /* project_ttTests.swift in Sources */ = {isa = PBXBuildFile; fileRef = 7905E7EE2C40AFAC0010648F /* project_ttTests.swift */; };
		7905E7F92C40AFAC0010648F /* project_ttUITests.swift in Sources */ = {isa = PBXBuildFile; fileRef = 7905E7F82C40AFAC0010648F /* project_ttUITests.swift */; };
		7905E7FB2C40AFAC0010648F /* project_ttUITestsLaunchTests.swift in Sources */ = {isa = PBXBuildFile; fileRef = 7905E7FA2C40AFAC0010648F /* project_ttUITestsLaunchTests.swift */; };
		7905E8082C40B3AF0010648F /* SignInView.swift in Sources */ = {isa = PBXBuildFile; fileRef = 7905E8072C40B3AF0010648F /* SignInView.swift */; };
		7905E80A2C40F7270010648F /* SignUpView.swift in Sources */ = {isa = PBXBuildFile; fileRef = 7905E8092C40F7270010648F /* SignUpView.swift */; };
		7905E80C2C41A52C0010648F /* LoadingView.swift in Sources */ = {isa = PBXBuildFile; fileRef = 7905E80B2C41A52C0010648F /* LoadingView.swift */; };
		7905E8122C41BC3C0010648F /* MerriweatherSans.ttf in Resources */ = {isa = PBXBuildFile; fileRef = 7905E8112C41BC3C0010648F /* MerriweatherSans.ttf */; };
		7905E8152C41BE1A0010648F /* Rubik.ttf in Resources */ = {isa = PBXBuildFile; fileRef = 7905E8142C41BE1A0010648F /* Rubik.ttf */; };
		7905E81A2C41F3D50010648F /* CreateOwnGroupView.swift in Sources */ = {isa = PBXBuildFile; fileRef = 7905E8192C41F3D50010648F /* CreateOwnGroupView.swift */; };
		7946C9FA2C5084B300D42EFB /* PersonalSettingsView.swift in Sources */ = {isa = PBXBuildFile; fileRef = 7946C9F52C5084B300D42EFB /* PersonalSettingsView.swift */; };
		7946C9FC2C5084B300D42EFB /* PersonalProfileView.swift in Sources */ = {isa = PBXBuildFile; fileRef = 7946C9F72C5084B300D42EFB /* PersonalProfileView.swift */; };
		7946C9FD2C5084B300D42EFB /* ProfileData.swift in Sources */ = {isa = PBXBuildFile; fileRef = 7946C9F82C5084B300D42EFB /* ProfileData.swift */; };
		7946C9FE2C5084B300D42EFB /* PersonalProfileView_Auth.swift in Sources */ = {isa = PBXBuildFile; fileRef = 7946C9F92C5084B300D42EFB /* PersonalProfileView_Auth.swift */; };
		7946CA002C5084E900D42EFB /* FollowingListView.swift in Sources */ = {isa = PBXBuildFile; fileRef = 7946C9FF2C5084E900D42EFB /* FollowingListView.swift */; };
		7946CA022C5086D300D42EFB /* FollowerListView.swift in Sources */ = {isa = PBXBuildFile; fileRef = 7946CA012C5086D300D42EFB /* FollowerListView.swift */; };
		7946CA042C50C76D00D42EFB /* ParentView.swift in Sources */ = {isa = PBXBuildFile; fileRef = 7946CA032C50C76D00D42EFB /* ParentView.swift */; };
		7946CA082C50CECD00D42EFB /* DiscoverView.swift in Sources */ = {isa = PBXBuildFile; fileRef = 7946CA072C50CECD00D42EFB /* DiscoverView.swift */; };
		7946CA0A2C50D35600D42EFB /* HomeView.swift in Sources */ = {isa = PBXBuildFile; fileRef = 7946CA092C50D35600D42EFB /* HomeView.swift */; };
		7946CA122C50D92900D42EFB /* ProfileView_Supabase.swift in Sources */ = {isa = PBXBuildFile; fileRef = 7946CA0C2C50D92900D42EFB /* ProfileView_Supabase.swift */; };
		7946CA132C50D92900D42EFB /* ContentView_Supabase.swift in Sources */ = {isa = PBXBuildFile; fileRef = 7946CA0D2C50D92900D42EFB /* ContentView_Supabase.swift */; };
		7946CA142C50D92900D42EFB /* Models_Supabase.swift in Sources */ = {isa = PBXBuildFile; fileRef = 7946CA0E2C50D92900D42EFB /* Models_Supabase.swift */; };
		7946CA152C50D92900D42EFB /* CreateUser_Supabase.swift in Sources */ = {isa = PBXBuildFile; fileRef = 7946CA0F2C50D92900D42EFB /* CreateUser_Supabase.swift */; };
		7946CA162C50D92900D42EFB /* AppView_Supabase.swift in Sources */ = {isa = PBXBuildFile; fileRef = 7946CA102C50D92900D42EFB /* AppView_Supabase.swift */; };
		7946CA172C50D92900D42EFB /* AuthView_Supabase.swift in Sources */ = {isa = PBXBuildFile; fileRef = 7946CA112C50D92900D42EFB /* AuthView_Supabase.swift */; };
		7966BB712C48F10D0092902E /* Auth in Frameworks */ = {isa = PBXBuildFile; productRef = 7966BB702C48F10D0092902E /* Auth */; };
		7966BB732C48F10D0092902E /* Functions in Frameworks */ = {isa = PBXBuildFile; productRef = 7966BB722C48F10D0092902E /* Functions */; };
		7966BB752C48F10D0092902E /* PostgREST in Frameworks */ = {isa = PBXBuildFile; productRef = 7966BB742C48F10D0092902E /* PostgREST */; };
		7966BB772C48F10D0092902E /* Realtime in Frameworks */ = {isa = PBXBuildFile; productRef = 7966BB762C48F10D0092902E /* Realtime */; };
		7966BB792C48F10D0092902E /* Storage in Frameworks */ = {isa = PBXBuildFile; productRef = 7966BB782C48F10D0092902E /* Storage */; };
		7966BB7B2C48F10D0092902E /* Supabase in Frameworks */ = {isa = PBXBuildFile; productRef = 7966BB7A2C48F10D0092902E /* Supabase */; };
		7966BB7D2C48F1780092902E /* Supabase.swift in Sources */ = {isa = PBXBuildFile; fileRef = 7966BB7C2C48F1780092902E /* Supabase.swift */; };
		7966BB8D2C4F27E30092902E /* BottomNavigationView.swift in Sources */ = {isa = PBXBuildFile; fileRef = 7966BB8C2C4F27E30092902E /* BottomNavigationView.swift */; };
		797EB77A2C44523300601F61 /* GroupSettingView.swift in Sources */ = {isa = PBXBuildFile; fileRef = 797EB7792C44523300601F61 /* GroupSettingView.swift */; };
		797EB7822C445D9600601F61 /* ImagePicker.swift in Sources */ = {isa = PBXBuildFile; fileRef = 797EB7812C445D9600601F61 /* ImagePicker.swift */; };
		797EB7872C44952600601F61 /* project-tt-Info.plist in Resources */ = {isa = PBXBuildFile; fileRef = 797EB7862C44952600601F61 /* project-tt-Info.plist */; };
/* End PBXBuildFile section */

/* Begin PBXContainerItemProxy section */
		7905E7EB2C40AFAC0010648F /* PBXContainerItemProxy */ = {
			isa = PBXContainerItemProxy;
			containerPortal = 7905E7D22C40AFAA0010648F /* Project object */;
			proxyType = 1;
			remoteGlobalIDString = 7905E7D92C40AFAA0010648F;
			remoteInfo = project_tt;
		};
		7905E7F52C40AFAC0010648F /* PBXContainerItemProxy */ = {
			isa = PBXContainerItemProxy;
			containerPortal = 7905E7D22C40AFAA0010648F /* Project object */;
			proxyType = 1;
			remoteGlobalIDString = 7905E7D92C40AFAA0010648F;
			remoteInfo = project_tt;
		};
/* End PBXContainerItemProxy section */

/* Begin PBXFileReference section */
		6DADE05E5B7D06CEB2B65964 /* Pods_project_ttTests.framework */ = {isa = PBXFileReference; explicitFileType = wrapper.framework; includeInIndex = 0; path = Pods_project_ttTests.framework; sourceTree = BUILT_PRODUCTS_DIR; };
		7903A9B52C473D470065FFA5 /* GoogleSignIn.framework */ = {isa = PBXFileReference; explicitFileType = wrapper.framework; path = GoogleSignIn.framework; sourceTree = BUILT_PRODUCTS_DIR; };
		7903A9C12C475A440065FFA5 /* SignInViewController.swift */ = {isa = PBXFileReference; lastKnownFileType = sourcecode.swift; path = SignInViewController.swift; sourceTree = "<group>"; };
		7903A9C52C475C5C0065FFA5 /* UserData.swift */ = {isa = PBXFileReference; lastKnownFileType = sourcecode.swift; path = UserData.swift; sourceTree = "<group>"; };
		7903A9C72C47869D0065FFA5 /* ContentView.swift */ = {isa = PBXFileReference; lastKnownFileType = sourcecode.swift; path = ContentView.swift; sourceTree = "<group>"; };
		7903A9C92C4786F20065FFA5 /* UserAuthModel.swift */ = {isa = PBXFileReference; lastKnownFileType = sourcecode.swift; path = UserAuthModel.swift; sourceTree = "<group>"; };
		7903A9CB2C4858330065FFA5 /* LandingView.swift */ = {isa = PBXFileReference; lastKnownFileType = sourcecode.swift; path = LandingView.swift; sourceTree = "<group>"; };
		7903A9CD2C4867520065FFA5 /* ForgotPasswordView.swift */ = {isa = PBXFileReference; lastKnownFileType = sourcecode.swift; path = ForgotPasswordView.swift; sourceTree = "<group>"; };
		7903A9CF2C4892490065FFA5 /* CreateUsername.swift */ = {isa = PBXFileReference; lastKnownFileType = sourcecode.swift; path = CreateUsername.swift; sourceTree = "<group>"; };
		7905E7DA2C40AFAA0010648F /* project_tt.app */ = {isa = PBXFileReference; explicitFileType = wrapper.application; includeInIndex = 0; path = project_tt.app; sourceTree = BUILT_PRODUCTS_DIR; };
		7905E7DD2C40AFAA0010648F /* project_ttApp.swift */ = {isa = PBXFileReference; lastKnownFileType = sourcecode.swift; path = project_ttApp.swift; sourceTree = "<group>"; };
		7905E7E12C40AFAB0010648F /* Assets.xcassets */ = {isa = PBXFileReference; lastKnownFileType = folder.assetcatalog; path = Assets.xcassets; sourceTree = "<group>"; };
		7905E7E42C40AFAB0010648F /* Preview Assets.xcassets */ = {isa = PBXFileReference; lastKnownFileType = folder.assetcatalog; path = "Preview Assets.xcassets"; sourceTree = "<group>"; };
		7905E7EA2C40AFAC0010648F /* project_ttTests.xctest */ = {isa = PBXFileReference; explicitFileType = wrapper.cfbundle; includeInIndex = 0; path = project_ttTests.xctest; sourceTree = BUILT_PRODUCTS_DIR; };
		7905E7EE2C40AFAC0010648F /* project_ttTests.swift */ = {isa = PBXFileReference; lastKnownFileType = sourcecode.swift; path = project_ttTests.swift; sourceTree = "<group>"; };
		7905E7F42C40AFAC0010648F /* project_ttUITests.xctest */ = {isa = PBXFileReference; explicitFileType = wrapper.cfbundle; includeInIndex = 0; path = project_ttUITests.xctest; sourceTree = BUILT_PRODUCTS_DIR; };
		7905E7F82C40AFAC0010648F /* project_ttUITests.swift */ = {isa = PBXFileReference; lastKnownFileType = sourcecode.swift; path = project_ttUITests.swift; sourceTree = "<group>"; };
		7905E7FA2C40AFAC0010648F /* project_ttUITestsLaunchTests.swift */ = {isa = PBXFileReference; lastKnownFileType = sourcecode.swift; path = project_ttUITestsLaunchTests.swift; sourceTree = "<group>"; };
		7905E8072C40B3AF0010648F /* SignInView.swift */ = {isa = PBXFileReference; lastKnownFileType = sourcecode.swift; path = SignInView.swift; sourceTree = "<group>"; };
		7905E8092C40F7270010648F /* SignUpView.swift */ = {isa = PBXFileReference; lastKnownFileType = sourcecode.swift; path = SignUpView.swift; sourceTree = "<group>"; };
		7905E80B2C41A52C0010648F /* LoadingView.swift */ = {isa = PBXFileReference; lastKnownFileType = sourcecode.swift; path = LoadingView.swift; sourceTree = "<group>"; };
		7905E8112C41BC3C0010648F /* MerriweatherSans.ttf */ = {isa = PBXFileReference; lastKnownFileType = file; path = MerriweatherSans.ttf; sourceTree = "<group>"; };
		7905E8142C41BE1A0010648F /* Rubik.ttf */ = {isa = PBXFileReference; lastKnownFileType = file; path = Rubik.ttf; sourceTree = "<group>"; };
		7905E8192C41F3D50010648F /* CreateOwnGroupView.swift */ = {isa = PBXFileReference; lastKnownFileType = sourcecode.swift; path = CreateOwnGroupView.swift; sourceTree = "<group>"; };
		7946C9F52C5084B300D42EFB /* PersonalSettingsView.swift */ = {isa = PBXFileReference; fileEncoding = 4; lastKnownFileType = sourcecode.swift; path = PersonalSettingsView.swift; sourceTree = "<group>"; };
		7946C9F72C5084B300D42EFB /* PersonalProfileView.swift */ = {isa = PBXFileReference; fileEncoding = 4; lastKnownFileType = sourcecode.swift; path = PersonalProfileView.swift; sourceTree = "<group>"; };
		7946C9F82C5084B300D42EFB /* ProfileData.swift */ = {isa = PBXFileReference; fileEncoding = 4; lastKnownFileType = sourcecode.swift; path = ProfileData.swift; sourceTree = "<group>"; };
		7946C9F92C5084B300D42EFB /* PersonalProfileView_Auth.swift */ = {isa = PBXFileReference; fileEncoding = 4; lastKnownFileType = sourcecode.swift; path = PersonalProfileView_Auth.swift; sourceTree = "<group>"; };
		7946C9FF2C5084E900D42EFB /* FollowingListView.swift */ = {isa = PBXFileReference; lastKnownFileType = sourcecode.swift; path = FollowingListView.swift; sourceTree = "<group>"; };
		7946CA012C5086D300D42EFB /* FollowerListView.swift */ = {isa = PBXFileReference; lastKnownFileType = sourcecode.swift; path = FollowerListView.swift; sourceTree = "<group>"; };
		7946CA032C50C76D00D42EFB /* ParentView.swift */ = {isa = PBXFileReference; lastKnownFileType = sourcecode.swift; path = ParentView.swift; sourceTree = "<group>"; };
		7946CA072C50CECD00D42EFB /* DiscoverView.swift */ = {isa = PBXFileReference; fileEncoding = 4; lastKnownFileType = sourcecode.swift; path = DiscoverView.swift; sourceTree = "<group>"; };
		7946CA092C50D35600D42EFB /* HomeView.swift */ = {isa = PBXFileReference; fileEncoding = 4; lastKnownFileType = sourcecode.swift; path = HomeView.swift; sourceTree = "<group>"; };
		7946CA0C2C50D92900D42EFB /* ProfileView_Supabase.swift */ = {isa = PBXFileReference; fileEncoding = 4; lastKnownFileType = sourcecode.swift; path = ProfileView_Supabase.swift; sourceTree = "<group>"; };
		7946CA0D2C50D92900D42EFB /* ContentView_Supabase.swift */ = {isa = PBXFileReference; fileEncoding = 4; lastKnownFileType = sourcecode.swift; path = ContentView_Supabase.swift; sourceTree = "<group>"; };
		7946CA0E2C50D92900D42EFB /* Models_Supabase.swift */ = {isa = PBXFileReference; fileEncoding = 4; lastKnownFileType = sourcecode.swift; path = Models_Supabase.swift; sourceTree = "<group>"; };
		7946CA0F2C50D92900D42EFB /* CreateUser_Supabase.swift */ = {isa = PBXFileReference; fileEncoding = 4; lastKnownFileType = sourcecode.swift; path = CreateUser_Supabase.swift; sourceTree = "<group>"; };
		7946CA102C50D92900D42EFB /* AppView_Supabase.swift */ = {isa = PBXFileReference; fileEncoding = 4; lastKnownFileType = sourcecode.swift; path = AppView_Supabase.swift; sourceTree = "<group>"; };
		7946CA112C50D92900D42EFB /* AuthView_Supabase.swift */ = {isa = PBXFileReference; fileEncoding = 4; lastKnownFileType = sourcecode.swift; path = AuthView_Supabase.swift; sourceTree = "<group>"; };
		7966BB7C2C48F1780092902E /* Supabase.swift */ = {isa = PBXFileReference; lastKnownFileType = sourcecode.swift; path = Supabase.swift; sourceTree = "<group>"; };
		7966BB8C2C4F27E30092902E /* BottomNavigationView.swift */ = {isa = PBXFileReference; lastKnownFileType = sourcecode.swift; path = BottomNavigationView.swift; sourceTree = "<group>"; };
		797EB7792C44523300601F61 /* GroupSettingView.swift */ = {isa = PBXFileReference; lastKnownFileType = sourcecode.swift; path = GroupSettingView.swift; sourceTree = "<group>"; };
		797EB7812C445D9600601F61 /* ImagePicker.swift */ = {isa = PBXFileReference; lastKnownFileType = sourcecode.swift; path = ImagePicker.swift; sourceTree = "<group>"; };
		797EB7862C44952600601F61 /* project-tt-Info.plist */ = {isa = PBXFileReference; fileEncoding = 4; lastKnownFileType = text.plist.xml; path = "project-tt-Info.plist"; sourceTree = "<group>"; };
		D851078BF8D065D0CF21C4F8 /* Pods_project_tt_project_ttUITests.framework */ = {isa = PBXFileReference; explicitFileType = wrapper.framework; includeInIndex = 0; path = Pods_project_tt_project_ttUITests.framework; sourceTree = BUILT_PRODUCTS_DIR; };
		EEBC528C38A21E7CF9DCFEEC /* Pods_project_tt.framework */ = {isa = PBXFileReference; explicitFileType = wrapper.framework; includeInIndex = 0; path = Pods_project_tt.framework; sourceTree = BUILT_PRODUCTS_DIR; };
/* End PBXFileReference section */

/* Begin PBXFrameworksBuildPhase section */
		7905E7D72C40AFAA0010648F /* Frameworks */ = {
			isa = PBXFrameworksBuildPhase;
			buildActionMask = 2147483647;
			files = (
				7966BB7B2C48F10D0092902E /* Supabase in Frameworks */,
				7966BB792C48F10D0092902E /* Storage in Frameworks */,
				7966BB752C48F10D0092902E /* PostgREST in Frameworks */,
				7966BB732C48F10D0092902E /* Functions in Frameworks */,
				7966BB712C48F10D0092902E /* Auth in Frameworks */,
				7966BB772C48F10D0092902E /* Realtime in Frameworks */,
				7903A9BE2C4742280065FFA5 /* GoogleSignIn in Frameworks */,
			);
			runOnlyForDeploymentPostprocessing = 0;
		};
		7905E7E72C40AFAC0010648F /* Frameworks */ = {
			isa = PBXFrameworksBuildPhase;
			buildActionMask = 2147483647;
			files = (
			);
			runOnlyForDeploymentPostprocessing = 0;
		};
		7905E7F12C40AFAC0010648F /* Frameworks */ = {
			isa = PBXFrameworksBuildPhase;
			buildActionMask = 2147483647;
			files = (
			);
			runOnlyForDeploymentPostprocessing = 0;
		};
/* End PBXFrameworksBuildPhase section */

/* Begin PBXGroup section */
		47B4CD9069BBD266A71C2ED2 /* Frameworks */ = {
			isa = PBXGroup;
			children = (
				7903A9B52C473D470065FFA5 /* GoogleSignIn.framework */,
				EEBC528C38A21E7CF9DCFEEC /* Pods_project_tt.framework */,
				D851078BF8D065D0CF21C4F8 /* Pods_project_tt_project_ttUITests.framework */,
				6DADE05E5B7D06CEB2B65964 /* Pods_project_ttTests.framework */,
			);
			name = Frameworks;
			sourceTree = "<group>";
		};
		7905E7D12C40AFAA0010648F = {
			isa = PBXGroup;
			children = (
				7905E7DC2C40AFAA0010648F /* project_tt */,
				7905E7ED2C40AFAC0010648F /* project_ttTests */,
				7905E7F72C40AFAC0010648F /* project_ttUITests */,
				7905E7DB2C40AFAA0010648F /* Products */,
				47B4CD9069BBD266A71C2ED2 /* Frameworks */,
			);
			sourceTree = "<group>";
		};
		7905E7DB2C40AFAA0010648F /* Products */ = {
			isa = PBXGroup;
			children = (
				7905E7DA2C40AFAA0010648F /* project_tt.app */,
				7905E7EA2C40AFAC0010648F /* project_ttTests.xctest */,
				7905E7F42C40AFAC0010648F /* project_ttUITests.xctest */,
			);
			name = Products;
			sourceTree = "<group>";
		};
		7905E7DC2C40AFAA0010648F /* project_tt */ = {
			isa = PBXGroup;
			children = (
				7946CA0B2C50D8EA00D42EFB /* Supabase */,
				7946CA092C50D35600D42EFB /* HomeView.swift */,
				7946CA072C50CECD00D42EFB /* DiscoverView.swift */,
				7946C9F42C50847000D42EFB /* Profile */,
				7966BB8B2C4F27CF0092902E /* Components */,
				797EB7862C44952600601F61 /* project-tt-Info.plist */,
				797EB7842C44932600601F61 /* Login */,
				797EB7832C44930000601F61 /* Resources */,
				7905E81B2C4379900010648F /* SDKs */,
				7905E7DD2C40AFAA0010648F /* project_ttApp.swift */,
				7905E7E12C40AFAB0010648F /* Assets.xcassets */,
				7905E7E32C40AFAB0010648F /* Preview Content */,
				7905E8192C41F3D50010648F /* CreateOwnGroupView.swift */,
				797EB7792C44523300601F61 /* GroupSettingView.swift */,
				797EB7812C445D9600601F61 /* ImagePicker.swift */,
				7946CA032C50C76D00D42EFB /* ParentView.swift */,
			);
			path = project_tt;
			sourceTree = "<group>";
		};
		7905E7E32C40AFAB0010648F /* Preview Content */ = {
			isa = PBXGroup;
			children = (
				7905E7E42C40AFAB0010648F /* Preview Assets.xcassets */,
			);
			path = "Preview Content";
			sourceTree = "<group>";
		};
		7905E7ED2C40AFAC0010648F /* project_ttTests */ = {
			isa = PBXGroup;
			children = (
				7905E7EE2C40AFAC0010648F /* project_ttTests.swift */,
			);
			path = project_ttTests;
			sourceTree = "<group>";
		};
		7905E7F72C40AFAC0010648F /* project_ttUITests */ = {
			isa = PBXGroup;
			children = (
				7905E7F82C40AFAC0010648F /* project_ttUITests.swift */,
				7905E7FA2C40AFAC0010648F /* project_ttUITestsLaunchTests.swift */,
			);
			path = project_ttUITests;
			sourceTree = "<group>";
		};
		7905E81B2C4379900010648F /* SDKs */ = {
			isa = PBXGroup;
			children = (
				7903A9C52C475C5C0065FFA5 /* UserData.swift */,
				7903A9C92C4786F20065FFA5 /* UserAuthModel.swift */,
				7966BB7C2C48F1780092902E /* Supabase.swift */,
			);
			path = SDKs;
			sourceTree = "<group>";
		};
		7946C9F42C50847000D42EFB /* Profile */ = {
			isa = PBXGroup;
			children = (
				7946C9F92C5084B300D42EFB /* PersonalProfileView_Auth.swift */,
				7946C9F72C5084B300D42EFB /* PersonalProfileView.swift */,
				7946C9F52C5084B300D42EFB /* PersonalSettingsView.swift */,
				7946C9F82C5084B300D42EFB /* ProfileData.swift */,
				7946C9FF2C5084E900D42EFB /* FollowingListView.swift */,
				7946CA012C5086D300D42EFB /* FollowerListView.swift */,
			);
			path = Profile;
			sourceTree = "<group>";
		};
		7946CA0B2C50D8EA00D42EFB /* Supabase */ = {
			isa = PBXGroup;
			children = (
				7946CA102C50D92900D42EFB /* AppView_Supabase.swift */,
				7946CA112C50D92900D42EFB /* AuthView_Supabase.swift */,
				7946CA0D2C50D92900D42EFB /* ContentView_Supabase.swift */,
				7946CA0F2C50D92900D42EFB /* CreateUser_Supabase.swift */,
				7946CA0E2C50D92900D42EFB /* Models_Supabase.swift */,
				7946CA0C2C50D92900D42EFB /* ProfileView_Supabase.swift */,
			);
			path = Supabase;
			sourceTree = "<group>";
		};
		7966BB8B2C4F27CF0092902E /* Components */ = {
			isa = PBXGroup;
			children = (
				7966BB8C2C4F27E30092902E /* BottomNavigationView.swift */,
			);
			path = Components;
			sourceTree = "<group>";
		};
		797EB7832C44930000601F61 /* Resources */ = {
			isa = PBXGroup;
			children = (
				7986E5342C4388C600BD232B /* Font */,
			);
			path = Resources;
			sourceTree = "<group>";
		};
		797EB7842C44932600601F61 /* Login */ = {
			isa = PBXGroup;
			children = (
				7905E8072C40B3AF0010648F /* SignInView.swift */,
				7905E8092C40F7270010648F /* SignUpView.swift */,
				7905E80B2C41A52C0010648F /* LoadingView.swift */,
				7903A9C12C475A440065FFA5 /* SignInViewController.swift */,
				7903A9C72C47869D0065FFA5 /* ContentView.swift */,
				7903A9CB2C4858330065FFA5 /* LandingView.swift */,
				7903A9CD2C4867520065FFA5 /* ForgotPasswordView.swift */,
				7903A9CF2C4892490065FFA5 /* CreateUsername.swift */,
			);
			path = Login;
			sourceTree = "<group>";
		};
		7986E5342C4388C600BD232B /* Font */ = {
			isa = PBXGroup;
			children = (
				7905E8112C41BC3C0010648F /* MerriweatherSans.ttf */,
				7905E8142C41BE1A0010648F /* Rubik.ttf */,
			);
			path = Font;
			sourceTree = "<group>";
		};
/* End PBXGroup section */

/* Begin PBXNativeTarget section */
		7905E7D92C40AFAA0010648F /* project_tt */ = {
			isa = PBXNativeTarget;
			buildConfigurationList = 7905E7FE2C40AFAC0010648F /* Build configuration list for PBXNativeTarget "project_tt" */;
			buildPhases = (
				7905E7D62C40AFAA0010648F /* Sources */,
				7905E7D72C40AFAA0010648F /* Frameworks */,
				7905E7D82C40AFAA0010648F /* Resources */,
			);
			buildRules = (
			);
			dependencies = (
			);
			name = project_tt;
			packageProductDependencies = (
				7903A9BD2C4742280065FFA5 /* GoogleSignIn */,
				7966BB702C48F10D0092902E /* Auth */,
				7966BB722C48F10D0092902E /* Functions */,
				7966BB742C48F10D0092902E /* PostgREST */,
				7966BB762C48F10D0092902E /* Realtime */,
				7966BB782C48F10D0092902E /* Storage */,
				7966BB7A2C48F10D0092902E /* Supabase */,
			);
			productName = project_tt;
			productReference = 7905E7DA2C40AFAA0010648F /* project_tt.app */;
			productType = "com.apple.product-type.application";
		};
		7905E7E92C40AFAC0010648F /* project_ttTests */ = {
			isa = PBXNativeTarget;
			buildConfigurationList = 7905E8012C40AFAC0010648F /* Build configuration list for PBXNativeTarget "project_ttTests" */;
			buildPhases = (
				7905E7E62C40AFAC0010648F /* Sources */,
				7905E7E72C40AFAC0010648F /* Frameworks */,
				7905E7E82C40AFAC0010648F /* Resources */,
			);
			buildRules = (
			);
			dependencies = (
				7905E7EC2C40AFAC0010648F /* PBXTargetDependency */,
			);
			name = project_ttTests;
			productName = project_ttTests;
			productReference = 7905E7EA2C40AFAC0010648F /* project_ttTests.xctest */;
			productType = "com.apple.product-type.bundle.unit-test";
		};
		7905E7F32C40AFAC0010648F /* project_ttUITests */ = {
			isa = PBXNativeTarget;
			buildConfigurationList = 7905E8042C40AFAC0010648F /* Build configuration list for PBXNativeTarget "project_ttUITests" */;
			buildPhases = (
				7905E7F02C40AFAC0010648F /* Sources */,
				7905E7F12C40AFAC0010648F /* Frameworks */,
				7905E7F22C40AFAC0010648F /* Resources */,
			);
			buildRules = (
			);
			dependencies = (
				7905E7F62C40AFAC0010648F /* PBXTargetDependency */,
			);
			name = project_ttUITests;
			productName = project_ttUITests;
			productReference = 7905E7F42C40AFAC0010648F /* project_ttUITests.xctest */;
			productType = "com.apple.product-type.bundle.ui-testing";
		};
/* End PBXNativeTarget section */

/* Begin PBXProject section */
		7905E7D22C40AFAA0010648F /* Project object */ = {
			isa = PBXProject;
			attributes = {
				BuildIndependentTargetsInParallel = 1;
				LastSwiftUpdateCheck = 1530;
				LastUpgradeCheck = 1530;
				TargetAttributes = {
					7905E7D92C40AFAA0010648F = {
						CreatedOnToolsVersion = 15.3;
					};
					7905E7E92C40AFAC0010648F = {
						CreatedOnToolsVersion = 15.3;
						TestTargetID = 7905E7D92C40AFAA0010648F;
					};
					7905E7F32C40AFAC0010648F = {
						CreatedOnToolsVersion = 15.3;
						TestTargetID = 7905E7D92C40AFAA0010648F;
					};
				};
			};
			buildConfigurationList = 7905E7D52C40AFAA0010648F /* Build configuration list for PBXProject "project_tt" */;
			compatibilityVersion = "Xcode 14.0";
			developmentRegion = en;
			hasScannedForEncodings = 0;
			knownRegions = (
				en,
				Base,
			);
			mainGroup = 7905E7D12C40AFAA0010648F;
			packageReferences = (
				7903A9BC2C4742280065FFA5 /* XCRemoteSwiftPackageReference "GoogleSignIn-iOS" */,
				7966BB6F2C48F10D0092902E /* XCRemoteSwiftPackageReference "supabase-swift" */,
			);
			productRefGroup = 7905E7DB2C40AFAA0010648F /* Products */;
			projectDirPath = "";
			projectRoot = "";
			targets = (
				7905E7D92C40AFAA0010648F /* project_tt */,
				7905E7E92C40AFAC0010648F /* project_ttTests */,
				7905E7F32C40AFAC0010648F /* project_ttUITests */,
			);
		};
/* End PBXProject section */

/* Begin PBXResourcesBuildPhase section */
		7905E7D82C40AFAA0010648F /* Resources */ = {
			isa = PBXResourcesBuildPhase;
			buildActionMask = 2147483647;
			files = (
				7905E8122C41BC3C0010648F /* MerriweatherSans.ttf in Resources */,
				7905E7E52C40AFAB0010648F /* Preview Assets.xcassets in Resources */,
				797EB7872C44952600601F61 /* project-tt-Info.plist in Resources */,
				7905E8152C41BE1A0010648F /* Rubik.ttf in Resources */,
				7905E7E22C40AFAB0010648F /* Assets.xcassets in Resources */,
			);
			runOnlyForDeploymentPostprocessing = 0;
		};
		7905E7E82C40AFAC0010648F /* Resources */ = {
			isa = PBXResourcesBuildPhase;
			buildActionMask = 2147483647;
			files = (
			);
			runOnlyForDeploymentPostprocessing = 0;
		};
		7905E7F22C40AFAC0010648F /* Resources */ = {
			isa = PBXResourcesBuildPhase;
			buildActionMask = 2147483647;
			files = (
			);
			runOnlyForDeploymentPostprocessing = 0;
		};
/* End PBXResourcesBuildPhase section */

/* Begin PBXSourcesBuildPhase section */
		7905E7D62C40AFAA0010648F /* Sources */ = {
			isa = PBXSourcesBuildPhase;
			buildActionMask = 2147483647;
			files = (
				7946CA022C5086D300D42EFB /* FollowerListView.swift in Sources */,
				7946C9FE2C5084B300D42EFB /* PersonalProfileView_Auth.swift in Sources */,
				7905E8082C40B3AF0010648F /* SignInView.swift in Sources */,
				7946CA082C50CECD00D42EFB /* DiscoverView.swift in Sources */,
				7946CA122C50D92900D42EFB /* ProfileView_Supabase.swift in Sources */,
				797EB77A2C44523300601F61 /* GroupSettingView.swift in Sources */,
				7946CA172C50D92900D42EFB /* AuthView_Supabase.swift in Sources */,
				7905E80A2C40F7270010648F /* SignUpView.swift in Sources */,
				7946CA142C50D92900D42EFB /* Models_Supabase.swift in Sources */,
				7946C9FA2C5084B300D42EFB /* PersonalSettingsView.swift in Sources */,
				7966BB7D2C48F1780092902E /* Supabase.swift in Sources */,
				7905E80C2C41A52C0010648F /* LoadingView.swift in Sources */,
				7946CA0A2C50D35600D42EFB /* HomeView.swift in Sources */,
				7903A9CC2C4858330065FFA5 /* LandingView.swift in Sources */,
				7903A9C82C47869D0065FFA5 /* ContentView.swift in Sources */,
				7903A9C62C475C5C0065FFA5 /* UserData.swift in Sources */,
				7903A9C22C475A440065FFA5 /* SignInViewController.swift in Sources */,
				7946CA042C50C76D00D42EFB /* ParentView.swift in Sources */,
				7946CA002C5084E900D42EFB /* FollowingListView.swift in Sources */,
				797EB7822C445D9600601F61 /* ImagePicker.swift in Sources */,
				7903A9CA2C4786F20065FFA5 /* UserAuthModel.swift in Sources */,
				7946CA132C50D92900D42EFB /* ContentView_Supabase.swift in Sources */,
				7946CA152C50D92900D42EFB /* CreateUser_Supabase.swift in Sources */,
				7905E7DE2C40AFAA0010648F /* project_ttApp.swift in Sources */,
				7903A9CE2C4867520065FFA5 /* ForgotPasswordView.swift in Sources */,
				7946CA162C50D92900D42EFB /* AppView_Supabase.swift in Sources */,
				7946C9FC2C5084B300D42EFB /* PersonalProfileView.swift in Sources */,
				7946C9FD2C5084B300D42EFB /* ProfileData.swift in Sources */,
				7905E81A2C41F3D50010648F /* CreateOwnGroupView.swift in Sources */,
				7903A9D02C4892490065FFA5 /* CreateUsername.swift in Sources */,
				7966BB8D2C4F27E30092902E /* BottomNavigationView.swift in Sources */,
			);
			runOnlyForDeploymentPostprocessing = 0;
		};
		7905E7E62C40AFAC0010648F /* Sources */ = {
			isa = PBXSourcesBuildPhase;
			buildActionMask = 2147483647;
			files = (
				7905E7EF2C40AFAC0010648F /* project_ttTests.swift in Sources */,
			);
			runOnlyForDeploymentPostprocessing = 0;
		};
		7905E7F02C40AFAC0010648F /* Sources */ = {
			isa = PBXSourcesBuildPhase;
			buildActionMask = 2147483647;
			files = (
				7905E7FB2C40AFAC0010648F /* project_ttUITestsLaunchTests.swift in Sources */,
				7905E7F92C40AFAC0010648F /* project_ttUITests.swift in Sources */,
			);
			runOnlyForDeploymentPostprocessing = 0;
		};
/* End PBXSourcesBuildPhase section */

/* Begin PBXTargetDependency section */
		7905E7EC2C40AFAC0010648F /* PBXTargetDependency */ = {
			isa = PBXTargetDependency;
			target = 7905E7D92C40AFAA0010648F /* project_tt */;
			targetProxy = 7905E7EB2C40AFAC0010648F /* PBXContainerItemProxy */;
		};
		7905E7F62C40AFAC0010648F /* PBXTargetDependency */ = {
			isa = PBXTargetDependency;
			target = 7905E7D92C40AFAA0010648F /* project_tt */;
			targetProxy = 7905E7F52C40AFAC0010648F /* PBXContainerItemProxy */;
		};
/* End PBXTargetDependency section */

/* Begin XCBuildConfiguration section */
		7905E7FC2C40AFAC0010648F /* Debug */ = {
			isa = XCBuildConfiguration;
			buildSettings = {
				ALWAYS_SEARCH_USER_PATHS = NO;
				ASSETCATALOG_COMPILER_GENERATE_SWIFT_ASSET_SYMBOL_EXTENSIONS = YES;
				CLANG_ANALYZER_NONNULL = YES;
				CLANG_ANALYZER_NUMBER_OBJECT_CONVERSION = YES_AGGRESSIVE;
				CLANG_CXX_LANGUAGE_STANDARD = "gnu++20";
				CLANG_ENABLE_MODULES = YES;
				CLANG_ENABLE_OBJC_ARC = YES;
				CLANG_ENABLE_OBJC_WEAK = YES;
				CLANG_WARN_BLOCK_CAPTURE_AUTORELEASING = YES;
				CLANG_WARN_BOOL_CONVERSION = YES;
				CLANG_WARN_COMMA = YES;
				CLANG_WARN_CONSTANT_CONVERSION = YES;
				CLANG_WARN_DEPRECATED_OBJC_IMPLEMENTATIONS = YES;
				CLANG_WARN_DIRECT_OBJC_ISA_USAGE = YES_ERROR;
				CLANG_WARN_DOCUMENTATION_COMMENTS = YES;
				CLANG_WARN_EMPTY_BODY = YES;
				CLANG_WARN_ENUM_CONVERSION = YES;
				CLANG_WARN_INFINITE_RECURSION = YES;
				CLANG_WARN_INT_CONVERSION = YES;
				CLANG_WARN_NON_LITERAL_NULL_CONVERSION = YES;
				CLANG_WARN_OBJC_IMPLICIT_RETAIN_SELF = YES;
				CLANG_WARN_OBJC_LITERAL_CONVERSION = YES;
				CLANG_WARN_OBJC_ROOT_CLASS = YES_ERROR;
				CLANG_WARN_QUOTED_INCLUDE_IN_FRAMEWORK_HEADER = YES;
				CLANG_WARN_RANGE_LOOP_ANALYSIS = YES;
				CLANG_WARN_STRICT_PROTOTYPES = YES;
				CLANG_WARN_SUSPICIOUS_MOVE = YES;
				CLANG_WARN_UNGUARDED_AVAILABILITY = YES_AGGRESSIVE;
				CLANG_WARN_UNREACHABLE_CODE = YES;
				CLANG_WARN__DUPLICATE_METHOD_MATCH = YES;
				COPY_PHASE_STRIP = NO;
				DEBUG_INFORMATION_FORMAT = dwarf;
				ENABLE_STRICT_OBJC_MSGSEND = YES;
				ENABLE_TESTABILITY = YES;
				ENABLE_USER_SCRIPT_SANDBOXING = YES;
				GCC_C_LANGUAGE_STANDARD = gnu17;
				GCC_DYNAMIC_NO_PIC = NO;
				GCC_NO_COMMON_BLOCKS = YES;
				GCC_OPTIMIZATION_LEVEL = 0;
				GCC_PREPROCESSOR_DEFINITIONS = (
					"DEBUG=1",
					"$(inherited)",
				);
				GCC_WARN_64_TO_32_BIT_CONVERSION = YES;
				GCC_WARN_ABOUT_RETURN_TYPE = YES_ERROR;
				GCC_WARN_UNDECLARED_SELECTOR = YES;
				GCC_WARN_UNINITIALIZED_AUTOS = YES_AGGRESSIVE;
				GCC_WARN_UNUSED_FUNCTION = YES;
				GCC_WARN_UNUSED_VARIABLE = YES;
				INFOPLIST_FILE = /Users/yiy/Documents/GitHub/Project_TT/project_tt/project_tt/project_tt_Info.plist;
				IPHONEOS_DEPLOYMENT_TARGET = 17.4;
				LOCALIZATION_PREFERS_STRING_CATALOGS = YES;
				MTL_ENABLE_DEBUG_INFO = INCLUDE_SOURCE;
				MTL_FAST_MATH = YES;
				ONLY_ACTIVE_ARCH = YES;
				SDKROOT = iphoneos;
				SWIFT_ACTIVE_COMPILATION_CONDITIONS = "DEBUG $(inherited)";
				SWIFT_OPTIMIZATION_LEVEL = "-Onone";
			};
			name = Debug;
		};
		7905E7FD2C40AFAC0010648F /* Release */ = {
			isa = XCBuildConfiguration;
			buildSettings = {
				ALWAYS_SEARCH_USER_PATHS = NO;
				ASSETCATALOG_COMPILER_GENERATE_SWIFT_ASSET_SYMBOL_EXTENSIONS = YES;
				CLANG_ANALYZER_NONNULL = YES;
				CLANG_ANALYZER_NUMBER_OBJECT_CONVERSION = YES_AGGRESSIVE;
				CLANG_CXX_LANGUAGE_STANDARD = "gnu++20";
				CLANG_ENABLE_MODULES = YES;
				CLANG_ENABLE_OBJC_ARC = YES;
				CLANG_ENABLE_OBJC_WEAK = YES;
				CLANG_WARN_BLOCK_CAPTURE_AUTORELEASING = YES;
				CLANG_WARN_BOOL_CONVERSION = YES;
				CLANG_WARN_COMMA = YES;
				CLANG_WARN_CONSTANT_CONVERSION = YES;
				CLANG_WARN_DEPRECATED_OBJC_IMPLEMENTATIONS = YES;
				CLANG_WARN_DIRECT_OBJC_ISA_USAGE = YES_ERROR;
				CLANG_WARN_DOCUMENTATION_COMMENTS = YES;
				CLANG_WARN_EMPTY_BODY = YES;
				CLANG_WARN_ENUM_CONVERSION = YES;
				CLANG_WARN_INFINITE_RECURSION = YES;
				CLANG_WARN_INT_CONVERSION = YES;
				CLANG_WARN_NON_LITERAL_NULL_CONVERSION = YES;
				CLANG_WARN_OBJC_IMPLICIT_RETAIN_SELF = YES;
				CLANG_WARN_OBJC_LITERAL_CONVERSION = YES;
				CLANG_WARN_OBJC_ROOT_CLASS = YES_ERROR;
				CLANG_WARN_QUOTED_INCLUDE_IN_FRAMEWORK_HEADER = YES;
				CLANG_WARN_RANGE_LOOP_ANALYSIS = YES;
				CLANG_WARN_STRICT_PROTOTYPES = YES;
				CLANG_WARN_SUSPICIOUS_MOVE = YES;
				CLANG_WARN_UNGUARDED_AVAILABILITY = YES_AGGRESSIVE;
				CLANG_WARN_UNREACHABLE_CODE = YES;
				CLANG_WARN__DUPLICATE_METHOD_MATCH = YES;
				COPY_PHASE_STRIP = NO;
				DEBUG_INFORMATION_FORMAT = "dwarf-with-dsym";
				ENABLE_NS_ASSERTIONS = NO;
				ENABLE_STRICT_OBJC_MSGSEND = YES;
				ENABLE_USER_SCRIPT_SANDBOXING = YES;
				GCC_C_LANGUAGE_STANDARD = gnu17;
				GCC_NO_COMMON_BLOCKS = YES;
				GCC_WARN_64_TO_32_BIT_CONVERSION = YES;
				GCC_WARN_ABOUT_RETURN_TYPE = YES_ERROR;
				GCC_WARN_UNDECLARED_SELECTOR = YES;
				GCC_WARN_UNINITIALIZED_AUTOS = YES_AGGRESSIVE;
				GCC_WARN_UNUSED_FUNCTION = YES;
				GCC_WARN_UNUSED_VARIABLE = YES;
				INFOPLIST_FILE = /Users/yiy/Documents/GitHub/Project_TT/project_tt/project_tt/project_tt_Info.plist;
				IPHONEOS_DEPLOYMENT_TARGET = 17.4;
				LOCALIZATION_PREFERS_STRING_CATALOGS = YES;
				MTL_ENABLE_DEBUG_INFO = NO;
				MTL_FAST_MATH = YES;
				SDKROOT = iphoneos;
				SWIFT_COMPILATION_MODE = wholemodule;
				VALIDATE_PRODUCT = YES;
			};
			name = Release;
		};
		7905E7FF2C40AFAC0010648F /* Debug */ = {
			isa = XCBuildConfiguration;
			buildSettings = {
				ASSETCATALOG_COMPILER_APPICON_NAME = AppIcon;
				ASSETCATALOG_COMPILER_GLOBAL_ACCENT_COLOR_NAME = AccentColor;
				CODE_SIGN_STYLE = Automatic;
				CURRENT_PROJECT_VERSION = 1;
				DEVELOPMENT_ASSET_PATHS = "\"project_tt/Preview Content\"";
				DEVELOPMENT_TEAM = D4QJPH29DF;
				ENABLE_PREVIEWS = YES;
				GENERATE_INFOPLIST_FILE = YES;
				INFOPLIST_FILE = "/Users/yiy/Documents/GitHub/Project_TT/project_tt/project_tt/project-tt-Info.plist";
				INFOPLIST_KEY_CFBundleDisplayName = Sip;
				INFOPLIST_KEY_UIApplicationSceneManifest_Generation = YES;
				INFOPLIST_KEY_UIApplicationSupportsIndirectInputEvents = YES;
				INFOPLIST_KEY_UILaunchScreen_Generation = YES;
				INFOPLIST_KEY_UISupportedInterfaceOrientations_iPad = "UIInterfaceOrientationPortrait UIInterfaceOrientationPortraitUpsideDown UIInterfaceOrientationLandscapeLeft UIInterfaceOrientationLandscapeRight";
				INFOPLIST_KEY_UISupportedInterfaceOrientations_iPhone = "UIInterfaceOrientationPortrait UIInterfaceOrientationLandscapeLeft UIInterfaceOrientationLandscapeRight";
				LD_RUNPATH_SEARCH_PATHS = (
					"$(inherited)",
					"@executable_path/Frameworks",
				);
				MARKETING_VERSION = 1.0;
				PRODUCT_BUNDLE_IDENTIFIER = "yiyang.project-tt";
				PRODUCT_NAME = "$(TARGET_NAME)";
				SWIFT_EMIT_LOC_STRINGS = YES;
				SWIFT_VERSION = 5.0;
				TARGETED_DEVICE_FAMILY = "1,2";
			};
			name = Debug;
		};
		7905E8002C40AFAC0010648F /* Release */ = {
			isa = XCBuildConfiguration;
			buildSettings = {
				ASSETCATALOG_COMPILER_APPICON_NAME = AppIcon;
				ASSETCATALOG_COMPILER_GLOBAL_ACCENT_COLOR_NAME = AccentColor;
				CODE_SIGN_STYLE = Automatic;
				CURRENT_PROJECT_VERSION = 1;
				DEVELOPMENT_ASSET_PATHS = "\"project_tt/Preview Content\"";
				DEVELOPMENT_TEAM = D4QJPH29DF;
				ENABLE_PREVIEWS = YES;
				GENERATE_INFOPLIST_FILE = YES;
				INFOPLIST_FILE = "/Users/yiy/Documents/GitHub/Project_TT/project_tt/project_tt/project-tt-Info.plist";
				INFOPLIST_KEY_CFBundleDisplayName = Sip;
				INFOPLIST_KEY_UIApplicationSceneManifest_Generation = YES;
				INFOPLIST_KEY_UIApplicationSupportsIndirectInputEvents = YES;
				INFOPLIST_KEY_UILaunchScreen_Generation = YES;
				INFOPLIST_KEY_UISupportedInterfaceOrientations_iPad = "UIInterfaceOrientationPortrait UIInterfaceOrientationPortraitUpsideDown UIInterfaceOrientationLandscapeLeft UIInterfaceOrientationLandscapeRight";
				INFOPLIST_KEY_UISupportedInterfaceOrientations_iPhone = "UIInterfaceOrientationPortrait UIInterfaceOrientationLandscapeLeft UIInterfaceOrientationLandscapeRight";
				LD_RUNPATH_SEARCH_PATHS = (
					"$(inherited)",
					"@executable_path/Frameworks",
				);
				MARKETING_VERSION = 1.0;
				PRODUCT_BUNDLE_IDENTIFIER = "yiyang.project-tt";
				PRODUCT_NAME = "$(TARGET_NAME)";
				SWIFT_EMIT_LOC_STRINGS = YES;
				SWIFT_VERSION = 5.0;
				TARGETED_DEVICE_FAMILY = "1,2";
			};
			name = Release;
		};
		7905E8022C40AFAC0010648F /* Debug */ = {
			isa = XCBuildConfiguration;
			buildSettings = {
				ALWAYS_EMBED_SWIFT_STANDARD_LIBRARIES = YES;
				BUNDLE_LOADER = "$(TEST_HOST)";
				CODE_SIGN_STYLE = Automatic;
				CURRENT_PROJECT_VERSION = 1;
				DEVELOPMENT_TEAM = D4QJPH29DF;
				GENERATE_INFOPLIST_FILE = YES;
				INFOPLIST_FILE = "/Users/yiy/Documents/GitHub/Project_TT/project_tt/project_tt/project-tt-Info.plist";
				IPHONEOS_DEPLOYMENT_TARGET = 17.4;
				MARKETING_VERSION = 1.0;
				PRODUCT_BUNDLE_IDENTIFIER = "yiyang.project-ttTests";
				PRODUCT_NAME = "$(TARGET_NAME)";
				SWIFT_EMIT_LOC_STRINGS = NO;
				SWIFT_VERSION = 5.0;
				TARGETED_DEVICE_FAMILY = "1,2";
				TEST_HOST = "$(BUILT_PRODUCTS_DIR)/project_tt.app/$(BUNDLE_EXECUTABLE_FOLDER_PATH)/project_tt";
			};
			name = Debug;
		};
		7905E8032C40AFAC0010648F /* Release */ = {
			isa = XCBuildConfiguration;
			buildSettings = {
				ALWAYS_EMBED_SWIFT_STANDARD_LIBRARIES = YES;
				BUNDLE_LOADER = "$(TEST_HOST)";
				CODE_SIGN_STYLE = Automatic;
				CURRENT_PROJECT_VERSION = 1;
				DEVELOPMENT_TEAM = D4QJPH29DF;
				GENERATE_INFOPLIST_FILE = YES;
				INFOPLIST_FILE = "/Users/yiy/Documents/GitHub/Project_TT/project_tt/project_tt/project-tt-Info.plist";
				IPHONEOS_DEPLOYMENT_TARGET = 17.4;
				MARKETING_VERSION = 1.0;
				PRODUCT_BUNDLE_IDENTIFIER = "yiyang.project-ttTests";
				PRODUCT_NAME = "$(TARGET_NAME)";
				SWIFT_EMIT_LOC_STRINGS = NO;
				SWIFT_VERSION = 5.0;
				TARGETED_DEVICE_FAMILY = "1,2";
				TEST_HOST = "$(BUILT_PRODUCTS_DIR)/project_tt.app/$(BUNDLE_EXECUTABLE_FOLDER_PATH)/project_tt";
			};
			name = Release;
		};
		7905E8052C40AFAC0010648F /* Debug */ = {
			isa = XCBuildConfiguration;
			buildSettings = {
				ALWAYS_EMBED_SWIFT_STANDARD_LIBRARIES = YES;
				CODE_SIGN_STYLE = Automatic;
				CURRENT_PROJECT_VERSION = 1;
				DEVELOPMENT_TEAM = D4QJPH29DF;
				GENERATE_INFOPLIST_FILE = YES;
				INFOPLIST_FILE = "/Users/yiy/Documents/GitHub/Project_TT/project_tt/project_tt/project-tt-Info.plist";
				MARKETING_VERSION = 1.0;
				PRODUCT_BUNDLE_IDENTIFIER = "yiyang.project-ttUITests";
				PRODUCT_NAME = "$(TARGET_NAME)";
				SWIFT_EMIT_LOC_STRINGS = NO;
				SWIFT_VERSION = 5.0;
				TARGETED_DEVICE_FAMILY = "1,2";
				TEST_TARGET_NAME = project_tt;
			};
			name = Debug;
		};
		7905E8062C40AFAC0010648F /* Release */ = {
			isa = XCBuildConfiguration;
			buildSettings = {
				ALWAYS_EMBED_SWIFT_STANDARD_LIBRARIES = YES;
				CODE_SIGN_STYLE = Automatic;
				CURRENT_PROJECT_VERSION = 1;
				DEVELOPMENT_TEAM = D4QJPH29DF;
				GENERATE_INFOPLIST_FILE = YES;
				INFOPLIST_FILE = "/Users/yiy/Documents/GitHub/Project_TT/project_tt/project_tt/project-tt-Info.plist";
				MARKETING_VERSION = 1.0;
				PRODUCT_BUNDLE_IDENTIFIER = "yiyang.project-ttUITests";
				PRODUCT_NAME = "$(TARGET_NAME)";
				SWIFT_EMIT_LOC_STRINGS = NO;
				SWIFT_VERSION = 5.0;
				TARGETED_DEVICE_FAMILY = "1,2";
				TEST_TARGET_NAME = project_tt;
			};
			name = Release;
		};
/* End XCBuildConfiguration section */

/* Begin XCConfigurationList section */
		7905E7D52C40AFAA0010648F /* Build configuration list for PBXProject "project_tt" */ = {
			isa = XCConfigurationList;
			buildConfigurations = (
				7905E7FC2C40AFAC0010648F /* Debug */,
				7905E7FD2C40AFAC0010648F /* Release */,
			);
			defaultConfigurationIsVisible = 0;
			defaultConfigurationName = Release;
		};
		7905E7FE2C40AFAC0010648F /* Build configuration list for PBXNativeTarget "project_tt" */ = {
			isa = XCConfigurationList;
			buildConfigurations = (
				7905E7FF2C40AFAC0010648F /* Debug */,
				7905E8002C40AFAC0010648F /* Release */,
			);
			defaultConfigurationIsVisible = 0;
			defaultConfigurationName = Release;
		};
		7905E8012C40AFAC0010648F /* Build configuration list for PBXNativeTarget "project_ttTests" */ = {
			isa = XCConfigurationList;
			buildConfigurations = (
				7905E8022C40AFAC0010648F /* Debug */,
				7905E8032C40AFAC0010648F /* Release */,
			);
			defaultConfigurationIsVisible = 0;
			defaultConfigurationName = Release;
		};
		7905E8042C40AFAC0010648F /* Build configuration list for PBXNativeTarget "project_ttUITests" */ = {
			isa = XCConfigurationList;
			buildConfigurations = (
				7905E8052C40AFAC0010648F /* Debug */,
				7905E8062C40AFAC0010648F /* Release */,
			);
			defaultConfigurationIsVisible = 0;
			defaultConfigurationName = Release;
		};
/* End XCConfigurationList section */

/* Begin XCRemoteSwiftPackageReference section */
		7903A9BC2C4742280065FFA5 /* XCRemoteSwiftPackageReference "GoogleSignIn-iOS" */ = {
			isa = XCRemoteSwiftPackageReference;
			repositoryURL = "https://github.com/google/GoogleSignIn-iOS";
			requirement = {
				kind = exactVersion;
				version = 6.0.2;
			};
		};
		7966BB6F2C48F10D0092902E /* XCRemoteSwiftPackageReference "supabase-swift" */ = {
			isa = XCRemoteSwiftPackageReference;
			repositoryURL = "https://github.com/supabase/supabase-swift";
			requirement = {
				kind = upToNextMajorVersion;
				minimumVersion = 2.5.1;
			};
		};
/* End XCRemoteSwiftPackageReference section */

/* Begin XCSwiftPackageProductDependency section */
		7903A9BD2C4742280065FFA5 /* GoogleSignIn */ = {
			isa = XCSwiftPackageProductDependency;
			package = 7903A9BC2C4742280065FFA5 /* XCRemoteSwiftPackageReference "GoogleSignIn-iOS" */;
			productName = GoogleSignIn;
		};
		7966BB702C48F10D0092902E /* Auth */ = {
			isa = XCSwiftPackageProductDependency;
			package = 7966BB6F2C48F10D0092902E /* XCRemoteSwiftPackageReference "supabase-swift" */;
			productName = Auth;
		};
		7966BB722C48F10D0092902E /* Functions */ = {
			isa = XCSwiftPackageProductDependency;
			package = 7966BB6F2C48F10D0092902E /* XCRemoteSwiftPackageReference "supabase-swift" */;
			productName = Functions;
		};
		7966BB742C48F10D0092902E /* PostgREST */ = {
			isa = XCSwiftPackageProductDependency;
			package = 7966BB6F2C48F10D0092902E /* XCRemoteSwiftPackageReference "supabase-swift" */;
			productName = PostgREST;
		};
		7966BB762C48F10D0092902E /* Realtime */ = {
			isa = XCSwiftPackageProductDependency;
			package = 7966BB6F2C48F10D0092902E /* XCRemoteSwiftPackageReference "supabase-swift" */;
			productName = Realtime;
		};
		7966BB782C48F10D0092902E /* Storage */ = {
			isa = XCSwiftPackageProductDependency;
			package = 7966BB6F2C48F10D0092902E /* XCRemoteSwiftPackageReference "supabase-swift" */;
			productName = Storage;
		};
		7966BB7A2C48F10D0092902E /* Supabase */ = {
			isa = XCSwiftPackageProductDependency;
			package = 7966BB6F2C48F10D0092902E /* XCRemoteSwiftPackageReference "supabase-swift" */;
			productName = Supabase;
		};
/* End XCSwiftPackageProductDependency section */
	};
	rootObject = 7905E7D22C40AFAA0010648F /* Project object */;
}
