{
  "originHash" : "664cdc34d911ebf435d69cf955c4ca3d66151037c45c4a6edd5c6fbaee7fcc8c",
  "pins" : [
    {
      "identity" : "swift",
      "kind" : "remoteSourceControl",
      "location" : "https://github.com/pubnub/swift",
      "state" : {
        "revision" : "986874503bd53ad399a068635818a2395cd91c95",
        "version" : "7.3.1"
      }
    }
  ],
  "version" : 3
}
